
Microsoft Visual Studio Solution File, Format Version 12.00
Project("{FAE04EC0-301F-11D3-BF4B-00C04F79EFBC}") = "MauiSample", "sample\MauiSample.csproj", "{237069E8-7C3D-4573-BFBD-6D4ACFA7A3CF}"
EndProject
Project("{FAE04EC0-301F-11D3-BF4B-00C04F79EFBC}") = "MapLibreNative.Maui.Handlers", "handlers\MapLibreNative.Maui.Handlers.csproj", "{341281A5-1F1A-43D6-8732-9D23445ED105}"
EndProject
Project("{FAE04EC0-301F-11D3-BF4B-00C04F79EFBC}") = "MapLibreNative.Maui.WPF", "wpf\MapLibreNative.Maui.WPF.csproj", "{E3D4F5A6-B7C8-4D9E-0F1A-2B3C4D5E6F7A}"
EndProject
Project("{FAE04EC0-301F-11D3-BF4B-00C04F79EFBC}") = "ConsoleExample", "sample\ConsoleExample\ConsoleExample.csproj", "{C1B62E0A-F48D-4A9C-BE1D-73A2B5C0D4E7}"
EndProject
Project("{FAE04EC0-301F-11D3-BF4B-00C04F79EFBC}") = "WpfExample", "sample\WpfExample\WpfExample.csproj", "{D2C73F1B-058E-4B0D-CF2E-84B3C6D1E5F8}"
EndProject
Project("{2150E333-8FDC-42A3-9474-1A3956D46DE8}") = "torrent", "torrent", "{D0975A9B-618D-504B-6C20-04F621AF800B}"
EndProject
Project("{FAE04EC0-301F-11D3-BF4B-00C04F79EFBC}") = "MapLibreNative.Maui.Torrent", "torrent\MapLibreNative.Maui.Torrent.csproj", "{2D78DD19-4F89-49FF-A03A-AEBE81A25092}"
EndProject
Project("{2150E333-8FDC-42A3-9474-1A3956D46DE8}") = "tests", "tests", "{2B623D5A-1254-27D4-0717-C2241C83992D}"
EndProject
Project("{FAE04EC0-301F-11D3-BF4B-00C04F79EFBC}") = "MapLibreNative.Maui.Torrent.Tests", "torrent\tests\MapLibreNative.Maui.Torrent.Tests.csproj", "{D9E04442-B1E6-4ACB-89B4-A1F3F218FDE3}"
EndProject
Global
	GlobalSection(SolutionConfigurationPlatforms) = preSolution
		Debug|Any CPU = Debug|Any CPU
		Debug|x64 = Debug|x64
		Debug|x86 = Debug|x86
		Release|Any CPU = Release|Any CPU
		Release|x64 = Release|x64
		Release|x86 = Release|x86
	EndGlobalSection
	GlobalSection(ProjectConfigurationPlatforms) = postSolution
		{237069E8-7C3D-4573-BFBD-6D4ACFA7A3CF}.Debug|Any CPU.ActiveCfg = Debug|Any CPU
		{237069E8-7C3D-4573-BFBD-6D4ACFA7A3CF}.Debug|Any CPU.Build.0 = Debug|Any CPU
		{237069E8-7C3D-4573-BFBD-6D4ACFA7A3CF}.Debug|x64.ActiveCfg = Debug|Any CPU
		{237069E8-7C3D-4573-BFBD-6D4ACFA7A3CF}.Debug|x64.Build.0 = Debug|Any CPU
		{237069E8-7C3D-4573-BFBD-6D4ACFA7A3CF}.Debug|x86.ActiveCfg = Debug|Any CPU
		{237069E8-7C3D-4573-BFBD-6D4ACFA7A3CF}.Debug|x86.Build.0 = Debug|Any CPU
		{237069E8-7C3D-4573-BFBD-6D4ACFA7A3CF}.Release|Any CPU.ActiveCfg = Release|Any CPU
		{237069E8-7C3D-4573-BFBD-6D4ACFA7A3CF}.Release|Any CPU.Build.0 = Release|Any CPU
		{237069E8-7C3D-4573-BFBD-6D4ACFA7A3CF}.Release|x64.ActiveCfg = Release|Any CPU
		{237069E8-7C3D-4573-BFBD-6D4ACFA7A3CF}.Release|x64.Build.0 = Release|Any CPU
		{237069E8-7C3D-4573-BFBD-6D4ACFA7A3CF}.Release|x86.ActiveCfg = Release|Any CPU
		{237069E8-7C3D-4573-BFBD-6D4ACFA7A3CF}.Release|x86.Build.0 = Release|Any CPU
		{341281A5-1F1A-43D6-8732-9D23445ED105}.Debug|Any CPU.ActiveCfg = Debug|Any CPU
		{341281A5-1F1A-43D6-8732-9D23445ED105}.Debug|Any CPU.Build.0 = Debug|Any CPU
		{341281A5-1F1A-43D6-8732-9D23445ED105}.Debug|x64.ActiveCfg = Debug|Any CPU
		{341281A5-1F1A-43D6-8732-9D23445ED105}.Debug|x64.Build.0 = Debug|Any CPU
		{341281A5-1F1A-43D6-8732-9D23445ED105}.Debug|x86.ActiveCfg = Debug|Any CPU
		{341281A5-1F1A-43D6-8732-9D23445ED105}.Debug|x86.Build.0 = Debug|Any CPU
		{341281A5-1F1A-43D6-8732-9D23445ED105}.Release|Any CPU.ActiveCfg = Release|Any CPU
		{341281A5-1F1A-43D6-8732-9D23445ED105}.Release|Any CPU.Build.0 = Release|Any CPU
		{341281A5-1F1A-43D6-8732-9D23445ED105}.Release|x64.ActiveCfg = Release|Any CPU
		{341281A5-1F1A-43D6-8732-9D23445ED105}.Release|x64.Build.0 = Release|Any CPU
		{341281A5-1F1A-43D6-8732-9D23445ED105}.Release|x86.ActiveCfg = Release|Any CPU
		{341281A5-1F1A-43D6-8732-9D23445ED105}.Release|x86.Build.0 = Release|Any CPU
		{E3D4F5A6-B7C8-4D9E-0F1A-2B3C4D5E6F7A}.Debug|Any CPU.ActiveCfg = Debug|Any CPU
		{E3D4F5A6-B7C8-4D9E-0F1A-2B3C4D5E6F7A}.Debug|Any CPU.Build.0 = Debug|Any CPU
		{E3D4F5A6-B7C8-4D9E-0F1A-2B3C4D5E6F7A}.Debug|x64.ActiveCfg = Debug|Any CPU
		{E3D4F5A6-B7C8-4D9E-0F1A-2B3C4D5E6F7A}.Debug|x64.Build.0 = Debug|Any CPU
		{E3D4F5A6-B7C8-4D9E-0F1A-2B3C4D5E6F7A}.Debug|x86.ActiveCfg = Debug|Any CPU
		{E3D4F5A6-B7C8-4D9E-0F1A-2B3C4D5E6F7A}.Debug|x86.Build.0 = Debug|Any CPU
		{E3D4F5A6-B7C8-4D9E-0F1A-2B3C4D5E6F7A}.Release|Any CPU.ActiveCfg = Release|Any CPU
		{E3D4F5A6-B7C8-4D9E-0F1A-2B3C4D5E6F7A}.Release|Any CPU.Build.0 = Release|Any CPU
		{E3D4F5A6-B7C8-4D9E-0F1A-2B3C4D5E6F7A}.Release|x64.ActiveCfg = Release|Any CPU
		{E3D4F5A6-B7C8-4D9E-0F1A-2B3C4D5E6F7A}.Release|x64.Build.0 = Release|Any CPU
		{E3D4F5A6-B7C8-4D9E-0F1A-2B3C4D5E6F7A}.Release|x86.ActiveCfg = Release|Any CPU
		{E3D4F5A6-B7C8-4D9E-0F1A-2B3C4D5E6F7A}.Release|x86.Build.0 = Release|Any CPU
		{C1B62E0A-F48D-4A9C-BE1D-73A2B5C0D4E7}.Debug|Any CPU.ActiveCfg = Debug|Any CPU
		{C1B62E0A-F48D-4A9C-BE1D-73A2B5C0D4E7}.Debug|Any CPU.Build.0 = Debug|Any CPU
		{C1B62E0A-F48D-4A9C-BE1D-73A2B5C0D4E7}.Debug|x64.ActiveCfg = Debug|Any CPU
		{C1B62E0A-F48D-4A9C-BE1D-73A2B5C0D4E7}.Debug|x64.Build.0 = Debug|Any CPU
		{C1B62E0A-F48D-4A9C-BE1D-73A2B5C0D4E7}.Debug|x86.ActiveCfg = Debug|Any CPU
		{C1B62E0A-F48D-4A9C-BE1D-73A2B5C0D4E7}.Debug|x86.Build.0 = Debug|Any CPU
		{C1B62E0A-F48D-4A9C-BE1D-73A2B5C0D4E7}.Release|Any CPU.ActiveCfg = Release|Any CPU
		{C1B62E0A-F48D-4A9C-BE1D-73A2B5C0D4E7}.Release|Any CPU.Build.0 = Release|Any CPU
		{C1B62E0A-F48D-4A9C-BE1D-73A2B5C0D4E7}.Release|x64.ActiveCfg = Release|Any CPU
		{C1B62E0A-F48D-4A9C-BE1D-73A2B5C0D4E7}.Release|x64.Build.0 = Release|Any CPU
		{C1B62E0A-F48D-4A9C-BE1D-73A2B5C0D4E7}.Release|x86.ActiveCfg = Release|Any CPU
		{C1B62E0A-F48D-4A9C-BE1D-73A2B5C0D4E7}.Release|x86.Build.0 = Release|Any CPU
		{D2C73F1B-058E-4B0D-CF2E-84B3C6D1E5F8}.Debug|Any CPU.ActiveCfg = Debug|Any CPU
		{D2C73F1B-058E-4B0D-CF2E-84B3C6D1E5F8}.Debug|Any CPU.Build.0 = Debug|Any CPU
		{D2C73F1B-058E-4B0D-CF2E-84B3C6D1E5F8}.Debug|x64.ActiveCfg = Debug|Any CPU
		{D2C73F1B-058E-4B0D-CF2E-84B3C6D1E5F8}.Debug|x64.Build.0 = Debug|Any CPU
		{D2C73F1B-058E-4B0D-CF2E-84B3C6D1E5F8}.Debug|x86.ActiveCfg = Debug|Any CPU
		{D2C73F1B-058E-4B0D-CF2E-84B3C6D1E5F8}.Debug|x86.Build.0 = Debug|Any CPU
		{D2C73F1B-058E-4B0D-CF2E-84B3C6D1E5F8}.Release|Any CPU.ActiveCfg = Release|Any CPU
		{D2C73F1B-058E-4B0D-CF2E-84B3C6D1E5F8}.Release|Any CPU.Build.0 = Release|Any CPU
		{D2C73F1B-058E-4B0D-CF2E-84B3C6D1E5F8}.Release|x64.ActiveCfg = Release|Any CPU
		{D2C73F1B-058E-4B0D-CF2E-84B3C6D1E5F8}.Release|x64.Build.0 = Release|Any CPU
		{D2C73F1B-058E-4B0D-CF2E-84B3C6D1E5F8}.Release|x86.ActiveCfg = Release|Any CPU
		{D2C73F1B-058E-4B0D-CF2E-84B3C6D1E5F8}.Release|x86.Build.0 = Release|Any CPU
		{2D78DD19-4F89-49FF-A03A-AEBE81A25092}.Debug|Any CPU.ActiveCfg = Debug|Any CPU
		{2D78DD19-4F89-49FF-A03A-AEBE81A25092}.Debug|Any CPU.Build.0 = Debug|Any CPU
		{2D78DD19-4F89-49FF-A03A-AEBE81A25092}.Debug|x64.ActiveCfg = Debug|Any CPU
		{2D78DD19-4F89-49FF-A03A-AEBE81A25092}.Debug|x64.Build.0 = Debug|Any CPU
		{2D78DD19-4F89-49FF-A03A-AEBE81A25092}.Debug|x86.ActiveCfg = Debug|Any CPU
		{2D78DD19-4F89-49FF-A03A-AEBE81A25092}.Debug|x86.Build.0 = Debug|Any CPU
		{2D78DD19-4F89-49FF-A03A-AEBE81A25092}.Release|Any CPU.ActiveCfg = Release|Any CPU
		{2D78DD19-4F89-49FF-A03A-AEBE81A25092}.Release|Any CPU.Build.0 = Release|Any CPU
		{2D78DD19-4F89-49FF-A03A-AEBE81A25092}.Release|x64.ActiveCfg = Release|Any CPU
		{2D78DD19-4F89-49FF-A03A-AEBE81A25092}.Release|x64.Build.0 = Release|Any CPU
		{2D78DD19-4F89-49FF-A03A-AEBE81A25092}.Release|x86.ActiveCfg = Release|Any CPU
		{2D78DD19-4F89-49FF-A03A-AEBE81A25092}.Release|x86.Build.0 = Release|Any CPU
		{D9E04442-B1E6-4ACB-89B4-A1F3F218FDE3}.Debug|Any CPU.ActiveCfg = Debug|Any CPU
		{D9E04442-B1E6-4ACB-89B4-A1F3F218FDE3}.Debug|Any CPU.Build.0 = Debug|Any CPU
		{D9E04442-B1E6-4ACB-89B4-A1F3F218FDE3}.Debug|x64.ActiveCfg = Debug|Any CPU
		{D9E04442-B1E6-4ACB-89B4-A1F3F218FDE3}.Debug|x64.Build.0 = Debug|Any CPU
		{D9E04442-B1E6-4ACB-89B4-A1F3F218FDE3}.Debug|x86.ActiveCfg = Debug|Any CPU
		{D9E04442-B1E6-4ACB-89B4-A1F3F218FDE3}.Debug|x86.Build.0 = Debug|Any CPU
		{D9E04442-B1E6-4ACB-89B4-A1F3F218FDE3}.Release|Any CPU.ActiveCfg = Release|Any CPU
		{D9E04442-B1E6-4ACB-89B4-A1F3F218FDE3}.Release|Any CPU.Build.0 = Release|Any CPU
		{D9E04442-B1E6-4ACB-89B4-A1F3F218FDE3}.Release|x64.ActiveCfg = Release|Any CPU
		{D9E04442-B1E6-4ACB-89B4-A1F3F218FDE3}.Release|x64.Build.0 = Release|Any CPU
		{D9E04442-B1E6-4ACB-89B4-A1F3F218FDE3}.Release|x86.ActiveCfg = Release|Any CPU
		{D9E04442-B1E6-4ACB-89B4-A1F3F218FDE3}.Release|x86.Build.0 = Release|Any CPU
	EndGlobalSection
	GlobalSection(SolutionProperties) = preSolution
		HideSolutionNode = FALSE
	EndGlobalSection
	GlobalSection(NestedProjects) = preSolution
		{2D78DD19-4F89-49FF-A03A-AEBE81A25092} = {D0975A9B-618D-504B-6C20-04F621AF800B}
		{2B623D5A-1254-27D4-0717-C2241C83992D} = {D0975A9B-618D-504B-6C20-04F621AF800B}
		{D9E04442-B1E6-4ACB-89B4-A1F3F218FDE3} = {2B623D5A-1254-27D4-0717-C2241C83992D}
	EndGlobalSection
EndGlobal
